
Microsoft Visual Studio Solution File, Format Version 12.00
# Visual Studio Version 16
VisualStudioVersion = 16.0.31702.278
MinimumVisualStudioVersion = 10.0.40219.1
Project("{FAE04EC0-301F-11D3-BF4B-00C04F79EFBC}") = "ProjectGladiator1", "ProjectGladiator1\ProjectGladiator1.csproj", "{3AF3189C-A151-40DB-BCDA-F10F6FF615A6}"
EndProject
Global
	GlobalSection(SolutionConfigurationPlatforms) = preSolution
		Debug|Any CPU = Debug|Any CPU
		Release|Any CPU = Release|Any CPU
	EndGlobalSection
	GlobalSection(ProjectConfigurationPlatforms) = postSolution
		{3AF3189C-A151-40DB-BCDA-F10F6FF615A6}.Debug|Any CPU.ActiveCfg = Debug|Any CPU
		{3AF3189C-A151-40DB-BCDA-F10F6FF615A6}.Debug|Any CPU.Build.0 = Debug|Any CPU
		{3AF3189C-A151-40DB-BCDA-F10F6FF615A6}.Release|Any CPU.ActiveCfg = Release|Any CPU
		{3AF3189C-A151-40DB-BCDA-F10F6FF615A6}.Release|Any CPU.Build.0 = Release|Any CPU
	EndGlobalSection
	GlobalSection(SolutionProperties) = preSolution
		HideSolutionNode = FALSE
	EndGlobalSection
	GlobalSection(ExtensibilityGlobals) = postSolution
		SolutionGuid = {664A4C17-11E5-4ACE-83DF-40398B45F6C3}
	EndGlobalSection
EndGlobal
